
Microsoft Visual Studio Solution File, Format Version 12.00
# Visual Studio Version 17
VisualStudioVersion = 17.3.32901.215
MinimumVisualStudioVersion = 10.0.40219.1
Project("{FAE04EC0-301F-11D3-BF4B-00C04F79EFBC}") = "Date", "Date\Date.csproj", "{BFD5385B-9E5B-4055-9940-518E5F596697}"
EndProject
Global
	GlobalSection(SolutionConfigurationPlatforms) = preSolution
		Debug|Any CPU = Debug|Any CPU
		Release|Any CPU = Release|Any CPU
	EndGlobalSection
	GlobalSection(ProjectConfigurationPlatforms) = postSolution
		{BFD5385B-9E5B-4055-9940-518E5F596697}.Debug|Any CPU.ActiveCfg = Debug|Any CPU
		{BFD5385B-9E5B-4055-9940-518E5F596697}.Debug|Any CPU.Build.0 = Debug|Any CPU
		{BFD5385B-9E5B-4055-9940-518E5F596697}.Release|Any CPU.ActiveCfg = Release|Any CPU
		{BFD5385B-9E5B-4055-9940-518E5F596697}.Release|Any CPU.Build.0 = Release|Any CPU
	EndGlobalSection
	GlobalSection(SolutionProperties) = preSolution
		HideSolutionNode = FALSE
	EndGlobalSection
	GlobalSection(ExtensibilityGlobals) = postSolution
		SolutionGuid = {75DF6731-8319-4D8E-B856-0F985BB49173}
	EndGlobalSection
EndGlobal
