
Microsoft Visual Studio Solution File, Format Version 12.00
# Visual Studio Version 16
VisualStudioVersion = 16.0.32929.386
MinimumVisualStudioVersion = 10.0.40219.1
Project("{FAE04EC0-301F-11D3-BF4B-00C04F79EFBC}") = "textLength", "textLength\textLength.csproj", "{9C92F2F6-B107-4279-9189-5C2902197630}"
EndProject
Global
	GlobalSection(SolutionConfigurationPlatforms) = preSolution
		Debug|Any CPU = Debug|Any CPU
		Release|Any CPU = Release|Any CPU
	EndGlobalSection
	GlobalSection(ProjectConfigurationPlatforms) = postSolution
		{9C92F2F6-B107-4279-9189-5C2902197630}.Debug|Any CPU.ActiveCfg = Debug|Any CPU
		{9C92F2F6-B107-4279-9189-5C2902197630}.Debug|Any CPU.Build.0 = Debug|Any CPU
		{9C92F2F6-B107-4279-9189-5C2902197630}.Release|Any CPU.ActiveCfg = Release|Any CPU
		{9C92F2F6-B107-4279-9189-5C2902197630}.Release|Any CPU.Build.0 = Release|Any CPU
	EndGlobalSection
	GlobalSection(SolutionProperties) = preSolution
		HideSolutionNode = FALSE
	EndGlobalSection
	GlobalSection(ExtensibilityGlobals) = postSolution
		SolutionGuid = {8F3998D9-E01A-4E06-A61F-A63D6E2F6636}
	EndGlobalSection
EndGlobal
