
Microsoft Visual Studio Solution File, Format Version 12.00
# Visual Studio Version 17
VisualStudioVersion = 17.3.32901.215
MinimumVisualStudioVersion = 10.0.40219.1
Project("{FAE04EC0-301F-11D3-BF4B-00C04F79EFBC}") = "Ej2", "Ej2\Ej2.csproj", "{F942DC53-C28A-4B13-A125-3C69020272A2}"
EndProject
Global
	GlobalSection(SolutionConfigurationPlatforms) = preSolution
		Debug|Any CPU = Debug|Any CPU
		Release|Any CPU = Release|Any CPU
	EndGlobalSection
	GlobalSection(ProjectConfigurationPlatforms) = postSolution
		{F942DC53-C28A-4B13-A125-3C69020272A2}.Debug|Any CPU.ActiveCfg = Debug|Any CPU
		{F942DC53-C28A-4B13-A125-3C69020272A2}.Debug|Any CPU.Build.0 = Debug|Any CPU
		{F942DC53-C28A-4B13-A125-3C69020272A2}.Release|Any CPU.ActiveCfg = Release|Any CPU
		{F942DC53-C28A-4B13-A125-3C69020272A2}.Release|Any CPU.Build.0 = Release|Any CPU
	EndGlobalSection
	GlobalSection(SolutionProperties) = preSolution
		HideSolutionNode = FALSE
	EndGlobalSection
	GlobalSection(ExtensibilityGlobals) = postSolution
		SolutionGuid = {3D745BA6-BD51-4566-A955-BB41F6C83150}
	EndGlobalSection
EndGlobal
