
Microsoft Visual Studio Solution File, Format Version 12.00
# Visual Studio Version 16
VisualStudioVersion = 16.0.32929.386
MinimumVisualStudioVersion = 10.0.40219.1
Project("{FAE04EC0-301F-11D3-BF4B-00C04F79EFBC}") = "Examen_Tercer", "Examen_Tercer\Examen_Tercer.csproj", "{C6F92B57-48D6-4454-B130-C13F4EDF7BAC}"
EndProject
Global
	GlobalSection(SolutionConfigurationPlatforms) = preSolution
		Debug|Any CPU = Debug|Any CPU
		Release|Any CPU = Release|Any CPU
	EndGlobalSection
	GlobalSection(ProjectConfigurationPlatforms) = postSolution
		{C6F92B57-48D6-4454-B130-C13F4EDF7BAC}.Debug|Any CPU.ActiveCfg = Debug|Any CPU
		{C6F92B57-48D6-4454-B130-C13F4EDF7BAC}.Debug|Any CPU.Build.0 = Debug|Any CPU
		{C6F92B57-48D6-4454-B130-C13F4EDF7BAC}.Release|Any CPU.ActiveCfg = Release|Any CPU
		{C6F92B57-48D6-4454-B130-C13F4EDF7BAC}.Release|Any CPU.Build.0 = Release|Any CPU
	EndGlobalSection
	GlobalSection(SolutionProperties) = preSolution
		HideSolutionNode = FALSE
	EndGlobalSection
	GlobalSection(ExtensibilityGlobals) = postSolution
		SolutionGuid = {54EBA563-F68B-4356-A34D-11BEB05C5C63}
	EndGlobalSection
EndGlobal
