
Microsoft Visual Studio Solution File, Format Version 12.00
# Visual Studio Version 17
VisualStudioVersion = 17.3.32901.215
MinimumVisualStudioVersion = 10.0.40219.1
Project("{FAE04EC0-301F-11D3-BF4B-00C04F79EFBC}") = "Ej11", "Ej11\Ej11.csproj", "{955482C4-469C-49CC-A706-14C11FDFD216}"
EndProject
Global
	GlobalSection(SolutionConfigurationPlatforms) = preSolution
		Debug|Any CPU = Debug|Any CPU
		Release|Any CPU = Release|Any CPU
	EndGlobalSection
	GlobalSection(ProjectConfigurationPlatforms) = postSolution
		{955482C4-469C-49CC-A706-14C11FDFD216}.Debug|Any CPU.ActiveCfg = Debug|Any CPU
		{955482C4-469C-49CC-A706-14C11FDFD216}.Debug|Any CPU.Build.0 = Debug|Any CPU
		{955482C4-469C-49CC-A706-14C11FDFD216}.Release|Any CPU.ActiveCfg = Release|Any CPU
		{955482C4-469C-49CC-A706-14C11FDFD216}.Release|Any CPU.Build.0 = Release|Any CPU
	EndGlobalSection
	GlobalSection(SolutionProperties) = preSolution
		HideSolutionNode = FALSE
	EndGlobalSection
	GlobalSection(ExtensibilityGlobals) = postSolution
		SolutionGuid = {CD321B75-6937-4C5F-BFA3-B443D7EBD321}
	EndGlobalSection
EndGlobal
