
Microsoft Visual Studio Solution File, Format Version 12.00
# Visual Studio Version 17
VisualStudioVersion = 17.3.32901.215
MinimumVisualStudioVersion = 10.0.40219.1
Project("{FAE04EC0-301F-11D3-BF4B-00C04F79EFBC}") = "EjFich", "EjFich\EjFich.csproj", "{ED242F06-0709-408D-9307-2BC24F2E6453}"
EndProject
Global
	GlobalSection(SolutionConfigurationPlatforms) = preSolution
		Debug|Any CPU = Debug|Any CPU
		Release|Any CPU = Release|Any CPU
	EndGlobalSection
	GlobalSection(ProjectConfigurationPlatforms) = postSolution
		{ED242F06-0709-408D-9307-2BC24F2E6453}.Debug|Any CPU.ActiveCfg = Debug|Any CPU
		{ED242F06-0709-408D-9307-2BC24F2E6453}.Debug|Any CPU.Build.0 = Debug|Any CPU
		{ED242F06-0709-408D-9307-2BC24F2E6453}.Release|Any CPU.ActiveCfg = Release|Any CPU
		{ED242F06-0709-408D-9307-2BC24F2E6453}.Release|Any CPU.Build.0 = Release|Any CPU
	EndGlobalSection
	GlobalSection(SolutionProperties) = preSolution
		HideSolutionNode = FALSE
	EndGlobalSection
	GlobalSection(ExtensibilityGlobals) = postSolution
		SolutionGuid = {EEFBC4EE-C46F-49DC-A3A8-E722B90AF987}
	EndGlobalSection
EndGlobal
